// !$*UTF8*$!
{
	archiveVersion = 1;
	classes = {
	};
	objectVersion = 46;
	objects = {

/* Begin PBXBuildFile section */
		5472B93A1DA91F7300F2E606 /* Alamofire.framework in Frameworks */ = {isa = PBXBuildFile; fileRef = 5472B9331DA91F7300F2E606 /* Alamofire.framework */; };
		5472B93B1DA91F7300F2E606 /* BrightFutures.framework in Frameworks */ = {isa = PBXBuildFile; fileRef = 5472B9341DA91F7300F2E606 /* BrightFutures.framework */; };
		5472B93C1DA91F7300F2E606 /* Realm.framework in Frameworks */ = {isa = PBXBuildFile; fileRef = 5472B9351DA91F7300F2E606 /* Realm.framework */; };
		5472B93D1DA91F7300F2E606 /* RealmSwift.framework in Frameworks */ = {isa = PBXBuildFile; fileRef = 5472B9361DA91F7300F2E606 /* RealmSwift.framework */; };
		5472B93E1DA91F7300F2E606 /* Result.framework in Frameworks */ = {isa = PBXBuildFile; fileRef = 5472B9371DA91F7300F2E606 /* Result.framework */; };
		5472B93F1DA91F7300F2E606 /* SwiftyJSON.framework in Frameworks */ = {isa = PBXBuildFile; fileRef = 5472B9381DA91F7300F2E606 /* SwiftyJSON.framework */; };
		5472B9401DA91F7300F2E606 /* WebImage.framework in Frameworks */ = {isa = PBXBuildFile; fileRef = 5472B9391DA91F7300F2E606 /* WebImage.framework */; };
		5472B9441DA9215F00F2E606 /* APIUrl.swift in Sources */ = {isa = PBXBuildFile; fileRef = 5472B9431DA9215F00F2E606 /* APIUrl.swift */; };
		5472B9461DA9219300F2E606 /* APIManager.swift in Sources */ = {isa = PBXBuildFile; fileRef = 5472B9451DA9219300F2E606 /* APIManager.swift */; };
		5472B9481DA921C900F2E606 /* Utils.swift in Sources */ = {isa = PBXBuildFile; fileRef = 5472B9471DA921C900F2E606 /* Utils.swift */; };
		5472B94A1DA921DF00F2E606 /* DateUtils.swift in Sources */ = {isa = PBXBuildFile; fileRef = 5472B9491DA921DF00F2E606 /* DateUtils.swift */; };
		5472B94C1DA9220600F2E606 /* Article.swift in Sources */ = {isa = PBXBuildFile; fileRef = 5472B94B1DA9220600F2E606 /* Article.swift */; };
		5472B94E1DA9221700F2E606 /* User.swift in Sources */ = {isa = PBXBuildFile; fileRef = 5472B94D1DA9221700F2E606 /* User.swift */; };
		5472B9501DA9224F00F2E606 /* ArticleViewModel.swift in Sources */ = {isa = PBXBuildFile; fileRef = 5472B94F1DA9224F00F2E606 /* ArticleViewModel.swift */; };
		5472B9531DA93AA000F2E606 /* StoryboardLoadable.swift in Sources */ = {isa = PBXBuildFile; fileRef = 5472B9521DA93AA000F2E606 /* StoryboardLoadable.swift */; };
		5472B9601DA947A900F2E606 /* Article.storyboard in Resources */ = {isa = PBXBuildFile; fileRef = 5472B95F1DA947A900F2E606 /* Article.storyboard */; };
		5472B9651DA9489200F2E606 /* ArticleContainerViewController.swift in Sources */ = {isa = PBXBuildFile; fileRef = 5472B9641DA9489200F2E606 /* ArticleContainerViewController.swift */; };
		5472B9691DA9492C00F2E606 /* MainTabBarController.swift in Sources */ = {isa = PBXBuildFile; fileRef = 5472B9681DA9492C00F2E606 /* MainTabBarController.swift */; };
		5472B96B1DA94EC500F2E606 /* Search.storyboard in Resources */ = {isa = PBXBuildFile; fileRef = 5472B96A1DA94EC500F2E606 /* Search.storyboard */; };
		5472B96D1DA94F7B00F2E606 /* SearchViewController.swift in Sources */ = {isa = PBXBuildFile; fileRef = 5472B96C1DA94F7B00F2E606 /* SearchViewController.swift */; };
		5472B9711DA9500300F2E606 /* SearchContainerViewController.swift in Sources */ = {isa = PBXBuildFile; fileRef = 5472B9701DA9500300F2E606 /* SearchContainerViewController.swift */; };
		54AB624A1DA90457002F945C /* AppDelegate.swift in Sources */ = {isa = PBXBuildFile; fileRef = 54AB62491DA90457002F945C /* AppDelegate.swift */; };
		54AB624C1DA90457002F945C /* ViewController.swift in Sources */ = {isa = PBXBuildFile; fileRef = 54AB624B1DA90457002F945C /* ViewController.swift */; };
		54AB624F1DA90457002F945C /* Main.storyboard in Resources */ = {isa = PBXBuildFile; fileRef = 54AB624D1DA90457002F945C /* Main.storyboard */; };
		54AB62511DA90457002F945C /* Assets.xcassets in Resources */ = {isa = PBXBuildFile; fileRef = 54AB62501DA90457002F945C /* Assets.xcassets */; };
		54AB62541DA90457002F945C /* LaunchScreen.storyboard in Resources */ = {isa = PBXBuildFile; fileRef = 54AB62521DA90457002F945C /* LaunchScreen.storyboard */; };
		54AB625F1DA90457002F945C /* pipinosukeTests.swift in Sources */ = {isa = PBXBuildFile; fileRef = 54AB625E1DA90457002F945C /* pipinosukeTests.swift */; };
		54AB626A1DA90457002F945C /* pipinosukeUITests.swift in Sources */ = {isa = PBXBuildFile; fileRef = 54AB62691DA90457002F945C /* pipinosukeUITests.swift */; };
		54AB62921DA90B31002F945C /* ArticleDetail.storyboard in Resources */ = {isa = PBXBuildFile; fileRef = 54AB62911DA90B31002F945C /* ArticleDetail.storyboard */; };
		54AB62941DA90C1E002F945C /* ArticleViewController.swift in Sources */ = {isa = PBXBuildFile; fileRef = 54AB62931DA90C1E002F945C /* ArticleViewController.swift */; };
		54AB62961DA90C2B002F945C /* ArticleDetailViewController.swift in Sources */ = {isa = PBXBuildFile; fileRef = 54AB62951DA90C2B002F945C /* ArticleDetailViewController.swift */; };
		54AB62981DA90C58002F945C /* ArticleTableViewCell.swift in Sources */ = {isa = PBXBuildFile; fileRef = 54AB62971DA90C58002F945C /* ArticleTableViewCell.swift */; };
		54AB629A1DA90C6C002F945C /* ArticleTableViewCell.xib in Resources */ = {isa = PBXBuildFile; fileRef = 54AB62991DA90C6C002F945C /* ArticleTableViewCell.xib */; };
		54E444A11DA9588100AF3F81 /* Like.storyboard in Resources */ = {isa = PBXBuildFile; fileRef = 54E444A01DA9588100AF3F81 /* Like.storyboard */; };
		54E444A31DA958AA00AF3F81 /* LikeViewController.swift in Sources */ = {isa = PBXBuildFile; fileRef = 54E444A21DA958AA00AF3F81 /* LikeViewController.swift */; };
		54E444A51DA958CD00AF3F81 /* LikeContainerViewController.swift in Sources */ = {isa = PBXBuildFile; fileRef = 54E444A41DA958CD00AF3F81 /* LikeContainerViewController.swift */; };
		54E444A71DA95A6200AF3F81 /* Mypage.storyboard in Resources */ = {isa = PBXBuildFile; fileRef = 54E444A61DA95A6200AF3F81 /* Mypage.storyboard */; };
		54E444A91DA95A9500AF3F81 /* MypageContainerViewController.swift in Sources */ = {isa = PBXBuildFile; fileRef = 54E444A81DA95A9500AF3F81 /* MypageContainerViewController.swift */; };
		54E444AB1DA95AAD00AF3F81 /* MypageViewController.swift in Sources */ = {isa = PBXBuildFile; fileRef = 54E444AA1DA95AAD00AF3F81 /* MypageViewController.swift */; };
		54E4B98D1DAB6C2A007220BC /* Extentions.swift in Sources */ = {isa = PBXBuildFile; fileRef = 54E4B98C1DAB6C2A007220BC /* Extentions.swift */; };
		54E4B98F1DAB6F9D007220BC /* LikesUtils.swift in Sources */ = {isa = PBXBuildFile; fileRef = 54E4B98E1DAB6F9D007220BC /* LikesUtils.swift */; };
		54E4B9911DAB6FD0007220BC /* Likes.swift in Sources */ = {isa = PBXBuildFile; fileRef = 54E4B9901DAB6FD0007220BC /* Likes.swift */; };
/* End PBXBuildFile section */

/* Begin PBXContainerItemProxy section */
		54AB625B1DA90457002F945C /* PBXContainerItemProxy */ = {
			isa = PBXContainerItemProxy;
			containerPortal = 54AB623E1DA90457002F945C /* Project object */;
			proxyType = 1;
			remoteGlobalIDString = 54AB62451DA90457002F945C;
			remoteInfo = pipinosuke;
		};
		54AB62661DA90457002F945C /* PBXContainerItemProxy */ = {
			isa = PBXContainerItemProxy;
			containerPortal = 54AB623E1DA90457002F945C /* Project object */;
			proxyType = 1;
			remoteGlobalIDString = 54AB62451DA90457002F945C;
			remoteInfo = pipinosuke;
		};
/* End PBXContainerItemProxy section */

/* Begin PBXFileReference section */
		5472B9331DA91F7300F2E606 /* Alamofire.framework */ = {isa = PBXFileReference; lastKnownFileType = wrapper.framework; name = Alamofire.framework; path = Carthage/Build/iOS/Alamofire.framework; sourceTree = "<group>"; };
		5472B9341DA91F7300F2E606 /* BrightFutures.framework */ = {isa = PBXFileReference; lastKnownFileType = wrapper.framework; name = BrightFutures.framework; path = Carthage/Build/iOS/BrightFutures.framework; sourceTree = "<group>"; };
		5472B9351DA91F7300F2E606 /* Realm.framework */ = {isa = PBXFileReference; lastKnownFileType = wrapper.framework; name = Realm.framework; path = Carthage/Build/iOS/Realm.framework; sourceTree = "<group>"; };
		5472B9361DA91F7300F2E606 /* RealmSwift.framework */ = {isa = PBXFileReference; lastKnownFileType = wrapper.framework; name = RealmSwift.framework; path = Carthage/Build/iOS/RealmSwift.framework; sourceTree = "<group>"; };
		5472B9371DA91F7300F2E606 /* Result.framework */ = {isa = PBXFileReference; lastKnownFileType = wrapper.framework; name = Result.framework; path = Carthage/Build/iOS/Result.framework; sourceTree = "<group>"; };
		5472B9381DA91F7300F2E606 /* SwiftyJSON.framework */ = {isa = PBXFileReference; lastKnownFileType = wrapper.framework; name = SwiftyJSON.framework; path = Carthage/Build/iOS/SwiftyJSON.framework; sourceTree = "<group>"; };
		5472B9391DA91F7300F2E606 /* WebImage.framework */ = {isa = PBXFileReference; lastKnownFileType = wrapper.framework; name = WebImage.framework; path = Carthage/Build/iOS/WebImage.framework; sourceTree = "<group>"; };
		5472B9431DA9215F00F2E606 /* APIUrl.swift */ = {isa = PBXFileReference; fileEncoding = 4; lastKnownFileType = sourcecode.swift; path = APIUrl.swift; sourceTree = "<group>"; };
		5472B9451DA9219300F2E606 /* APIManager.swift */ = {isa = PBXFileReference; fileEncoding = 4; lastKnownFileType = sourcecode.swift; path = APIManager.swift; sourceTree = "<group>"; };
		5472B9471DA921C900F2E606 /* Utils.swift */ = {isa = PBXFileReference; fileEncoding = 4; lastKnownFileType = sourcecode.swift; path = Utils.swift; sourceTree = "<group>"; };
		5472B9491DA921DF00F2E606 /* DateUtils.swift */ = {isa = PBXFileReference; fileEncoding = 4; lastKnownFileType = sourcecode.swift; path = DateUtils.swift; sourceTree = "<group>"; };
		5472B94B1DA9220600F2E606 /* Article.swift */ = {isa = PBXFileReference; fileEncoding = 4; lastKnownFileType = sourcecode.swift; path = Article.swift; sourceTree = "<group>"; };
		5472B94D1DA9221700F2E606 /* User.swift */ = {isa = PBXFileReference; fileEncoding = 4; lastKnownFileType = sourcecode.swift; path = User.swift; sourceTree = "<group>"; };
		5472B94F1DA9224F00F2E606 /* ArticleViewModel.swift */ = {isa = PBXFileReference; fileEncoding = 4; lastKnownFileType = sourcecode.swift; path = ArticleViewModel.swift; sourceTree = "<group>"; };
		5472B9521DA93AA000F2E606 /* StoryboardLoadable.swift */ = {isa = PBXFileReference; fileEncoding = 4; lastKnownFileType = sourcecode.swift; path = StoryboardLoadable.swift; sourceTree = "<group>"; };
		5472B95F1DA947A900F2E606 /* Article.storyboard */ = {isa = PBXFileReference; fileEncoding = 4; lastKnownFileType = file.storyboard; path = Article.storyboard; sourceTree = "<group>"; };
		5472B9641DA9489200F2E606 /* ArticleContainerViewController.swift */ = {isa = PBXFileReference; fileEncoding = 4; lastKnownFileType = sourcecode.swift; path = ArticleContainerViewController.swift; sourceTree = "<group>"; };
		5472B9681DA9492C00F2E606 /* MainTabBarController.swift */ = {isa = PBXFileReference; fileEncoding = 4; lastKnownFileType = sourcecode.swift; path = MainTabBarController.swift; sourceTree = "<group>"; };
		5472B96A1DA94EC500F2E606 /* Search.storyboard */ = {isa = PBXFileReference; fileEncoding = 4; lastKnownFileType = file.storyboard; path = Search.storyboard; sourceTree = "<group>"; };
		5472B96C1DA94F7B00F2E606 /* SearchViewController.swift */ = {isa = PBXFileReference; fileEncoding = 4; lastKnownFileType = sourcecode.swift; path = SearchViewController.swift; sourceTree = "<group>"; };
		5472B9701DA9500300F2E606 /* SearchContainerViewController.swift */ = {isa = PBXFileReference; fileEncoding = 4; lastKnownFileType = sourcecode.swift; path = SearchContainerViewController.swift; sourceTree = "<group>"; };
		54AB62461DA90457002F945C /* pipinosuke.app */ = {isa = PBXFileReference; explicitFileType = wrapper.application; includeInIndex = 0; path = pipinosuke.app; sourceTree = BUILT_PRODUCTS_DIR; };
		54AB62491DA90457002F945C /* AppDelegate.swift */ = {isa = PBXFileReference; lastKnownFileType = sourcecode.swift; path = AppDelegate.swift; sourceTree = "<group>"; };
		54AB624B1DA90457002F945C /* ViewController.swift */ = {isa = PBXFileReference; lastKnownFileType = sourcecode.swift; path = ViewController.swift; sourceTree = "<group>"; };
		54AB624E1DA90457002F945C /* Base */ = {isa = PBXFileReference; lastKnownFileType = file.storyboard; name = Base; path = Base.lproj/Main.storyboard; sourceTree = "<group>"; };
		54AB62501DA90457002F945C /* Assets.xcassets */ = {isa = PBXFileReference; lastKnownFileType = folder.assetcatalog; path = Assets.xcassets; sourceTree = "<group>"; };
		54AB62531DA90457002F945C /* Base */ = {isa = PBXFileReference; lastKnownFileType = file.storyboard; name = Base; path = Base.lproj/LaunchScreen.storyboard; sourceTree = "<group>"; };
		54AB62551DA90457002F945C /* Info.plist */ = {isa = PBXFileReference; lastKnownFileType = text.plist.xml; path = Info.plist; sourceTree = "<group>"; };
		54AB625A1DA90457002F945C /* pipinosukeTests.xctest */ = {isa = PBXFileReference; explicitFileType = wrapper.cfbundle; includeInIndex = 0; path = pipinosukeTests.xctest; sourceTree = BUILT_PRODUCTS_DIR; };
		54AB625E1DA90457002F945C /* pipinosukeTests.swift */ = {isa = PBXFileReference; lastKnownFileType = sourcecode.swift; path = pipinosukeTests.swift; sourceTree = "<group>"; };
		54AB62601DA90457002F945C /* Info.plist */ = {isa = PBXFileReference; lastKnownFileType = text.plist.xml; path = Info.plist; sourceTree = "<group>"; };
		54AB62651DA90457002F945C /* pipinosukeUITests.xctest */ = {isa = PBXFileReference; explicitFileType = wrapper.cfbundle; includeInIndex = 0; path = pipinosukeUITests.xctest; sourceTree = BUILT_PRODUCTS_DIR; };
		54AB62691DA90457002F945C /* pipinosukeUITests.swift */ = {isa = PBXFileReference; lastKnownFileType = sourcecode.swift; path = pipinosukeUITests.swift; sourceTree = "<group>"; };
		54AB626B1DA90457002F945C /* Info.plist */ = {isa = PBXFileReference; lastKnownFileType = text.plist.xml; path = Info.plist; sourceTree = "<group>"; };
		54AB62911DA90B31002F945C /* ArticleDetail.storyboard */ = {isa = PBXFileReference; fileEncoding = 4; lastKnownFileType = file.storyboard; path = ArticleDetail.storyboard; sourceTree = "<group>"; };
		54AB62931DA90C1E002F945C /* ArticleViewController.swift */ = {isa = PBXFileReference; fileEncoding = 4; lastKnownFileType = sourcecode.swift; path = ArticleViewController.swift; sourceTree = "<group>"; };
		54AB62951DA90C2B002F945C /* ArticleDetailViewController.swift */ = {isa = PBXFileReference; fileEncoding = 4; lastKnownFileType = sourcecode.swift; path = ArticleDetailViewController.swift; sourceTree = "<group>"; };
		54AB62971DA90C58002F945C /* ArticleTableViewCell.swift */ = {isa = PBXFileReference; fileEncoding = 4; lastKnownFileType = sourcecode.swift; path = ArticleTableViewCell.swift; sourceTree = "<group>"; };
		54AB62991DA90C6C002F945C /* ArticleTableViewCell.xib */ = {isa = PBXFileReference; fileEncoding = 4; lastKnownFileType = file.xib; path = ArticleTableViewCell.xib; sourceTree = "<group>"; };
		54E444A01DA9588100AF3F81 /* Like.storyboard */ = {isa = PBXFileReference; fileEncoding = 4; lastKnownFileType = file.storyboard; path = Like.storyboard; sourceTree = "<group>"; };
		54E444A21DA958AA00AF3F81 /* LikeViewController.swift */ = {isa = PBXFileReference; fileEncoding = 4; lastKnownFileType = sourcecode.swift; path = LikeViewController.swift; sourceTree = "<group>"; };
		54E444A41DA958CD00AF3F81 /* LikeContainerViewController.swift */ = {isa = PBXFileReference; fileEncoding = 4; lastKnownFileType = sourcecode.swift; path = LikeContainerViewController.swift; sourceTree = "<group>"; };
		54E444A61DA95A6200AF3F81 /* Mypage.storyboard */ = {isa = PBXFileReference; fileEncoding = 4; lastKnownFileType = file.storyboard; path = Mypage.storyboard; sourceTree = "<group>"; };
		54E444A81DA95A9500AF3F81 /* MypageContainerViewController.swift */ = {isa = PBXFileReference; fileEncoding = 4; lastKnownFileType = sourcecode.swift; path = MypageContainerViewController.swift; sourceTree = "<group>"; };
		54E444AA1DA95AAD00AF3F81 /* MypageViewController.swift */ = {isa = PBXFileReference; fileEncoding = 4; lastKnownFileType = sourcecode.swift; path = MypageViewController.swift; sourceTree = "<group>"; };
		54E4B98C1DAB6C2A007220BC /* Extentions.swift */ = {isa = PBXFileReference; fileEncoding = 4; lastKnownFileType = sourcecode.swift; path = Extentions.swift; sourceTree = "<group>"; };
		54E4B98E1DAB6F9D007220BC /* LikesUtils.swift */ = {isa = PBXFileReference; fileEncoding = 4; lastKnownFileType = sourcecode.swift; path = LikesUtils.swift; sourceTree = "<group>"; };
		54E4B9901DAB6FD0007220BC /* Likes.swift */ = {isa = PBXFileReference; fileEncoding = 4; lastKnownFileType = sourcecode.swift; path = Likes.swift; sourceTree = "<group>"; };
/* End PBXFileReference section */

/* Begin PBXFrameworksBuildPhase section */
		54AB62431DA90457002F945C /* Frameworks */ = {
			isa = PBXFrameworksBuildPhase;
			buildActionMask = 2147483647;
			files = (
				5472B93A1DA91F7300F2E606 /* Alamofire.framework in Frameworks */,
				5472B93B1DA91F7300F2E606 /* BrightFutures.framework in Frameworks */,
				5472B93C1DA91F7300F2E606 /* Realm.framework in Frameworks */,
				5472B93D1DA91F7300F2E606 /* RealmSwift.framework in Frameworks */,
				5472B93E1DA91F7300F2E606 /* Result.framework in Frameworks */,
				5472B93F1DA91F7300F2E606 /* SwiftyJSON.framework in Frameworks */,
				5472B9401DA91F7300F2E606 /* WebImage.framework in Frameworks */,
			);
			runOnlyForDeploymentPostprocessing = 0;
		};
		54AB62571DA90457002F945C /* Frameworks */ = {
			isa = PBXFrameworksBuildPhase;
			buildActionMask = 2147483647;
			files = (
			);
			runOnlyForDeploymentPostprocessing = 0;
		};
		54AB62621DA90457002F945C /* Frameworks */ = {
			isa = PBXFrameworksBuildPhase;
			buildActionMask = 2147483647;
			files = (
			);
			runOnlyForDeploymentPostprocessing = 0;
		};
/* End PBXFrameworksBuildPhase section */

/* Begin PBXGroup section */
		5472B9421DA9214100F2E606 /* Utils */ = {
			isa = PBXGroup;
			children = (
				5472B9431DA9215F00F2E606 /* APIUrl.swift */,
				5472B9451DA9219300F2E606 /* APIManager.swift */,
				5472B9471DA921C900F2E606 /* Utils.swift */,
				5472B9491DA921DF00F2E606 /* DateUtils.swift */,
				54E4B98C1DAB6C2A007220BC /* Extentions.swift */,
				54E4B98E1DAB6F9D007220BC /* LikesUtils.swift */,
			);
			name = Utils;
			sourceTree = "<group>";
		};
		5472B9511DA93A8100F2E606 /* Protocols */ = {
			isa = PBXGroup;
			children = (
				5472B9521DA93AA000F2E606 /* StoryboardLoadable.swift */,
			);
			name = Protocols;
			sourceTree = "<group>";
		};
		5472B9611DA9482C00F2E606 /* ContainerViewController */ = {
			isa = PBXGroup;
			children = (
				5472B9641DA9489200F2E606 /* ArticleContainerViewController.swift */,
				5472B9681DA9492C00F2E606 /* MainTabBarController.swift */,
				5472B9701DA9500300F2E606 /* SearchContainerViewController.swift */,
				54E444A41DA958CD00AF3F81 /* LikeContainerViewController.swift */,
				54E444A81DA95A9500AF3F81 /* MypageContainerViewController.swift */,
			);
			name = ContainerViewController;
			sourceTree = "<group>";
		};
		54AB623D1DA90457002F945C = {
			isa = PBXGroup;
			children = (
				5472B9331DA91F7300F2E606 /* Alamofire.framework */,
				5472B9341DA91F7300F2E606 /* BrightFutures.framework */,
				5472B9351DA91F7300F2E606 /* Realm.framework */,
				5472B9361DA91F7300F2E606 /* RealmSwift.framework */,
				5472B9371DA91F7300F2E606 /* Result.framework */,
				5472B9381DA91F7300F2E606 /* SwiftyJSON.framework */,
				5472B9391DA91F7300F2E606 /* WebImage.framework */,
				54AB62481DA90457002F945C /* pipinosuke */,
				54AB625D1DA90457002F945C /* pipinosukeTests */,
				54AB62681DA90457002F945C /* pipinosukeUITests */,
				54AB62471DA90457002F945C /* Products */,
			);
			sourceTree = "<group>";
		};
		54AB62471DA90457002F945C /* Products */ = {
			isa = PBXGroup;
			children = (
				54AB62461DA90457002F945C /* pipinosuke.app */,
				54AB625A1DA90457002F945C /* pipinosukeTests.xctest */,
				54AB62651DA90457002F945C /* pipinosukeUITests.xctest */,
			);
			name = Products;
			sourceTree = "<group>";
		};
		54AB62481DA90457002F945C /* pipinosuke */ = {
			isa = PBXGroup;
			children = (
				5472B9611DA9482C00F2E606 /* ContainerViewController */,
				5472B9511DA93A8100F2E606 /* Protocols */,
				5472B9421DA9214100F2E606 /* Utils */,
				54AB628D1DA90ADF002F945C /* Model */,
				54AB628C1DA90AD4002F945C /* TableViewCell */,
				54AB628B1DA90AA6002F945C /* ArticleViewModel */,
				54AB628A1DA90A9E002F945C /* ViewController */,
				54AB62491DA90457002F945C /* AppDelegate.swift */,
				54AB624B1DA90457002F945C /* ViewController.swift */,
				54AB624D1DA90457002F945C /* Main.storyboard */,
				54AB628E1DA90AE7002F945C /* Storyboards */,
				54AB62501DA90457002F945C /* Assets.xcassets */,
				54AB62521DA90457002F945C /* LaunchScreen.storyboard */,
				54AB62551DA90457002F945C /* Info.plist */,
			);
			path = pipinosuke;
			sourceTree = "<group>";
		};
		54AB625D1DA90457002F945C /* pipinosukeTests */ = {
			isa = PBXGroup;
			children = (
				54AB625E1DA90457002F945C /* pipinosukeTests.swift */,
				54AB62601DA90457002F945C /* Info.plist */,
			);
			path = pipinosukeTests;
			sourceTree = "<group>";
		};
		54AB62681DA90457002F945C /* pipinosukeUITests */ = {
			isa = PBXGroup;
			children = (
				54AB62691DA90457002F945C /* pipinosukeUITests.swift */,
				54AB626B1DA90457002F945C /* Info.plist */,
			);
			path = pipinosukeUITests;
			sourceTree = "<group>";
		};
		54AB628A1DA90A9E002F945C /* ViewController */ = {
			isa = PBXGroup;
			children = (
				54AB62931DA90C1E002F945C /* ArticleViewController.swift */,
				54AB62951DA90C2B002F945C /* ArticleDetailViewController.swift */,
				5472B96C1DA94F7B00F2E606 /* SearchViewController.swift */,
				54E444A21DA958AA00AF3F81 /* LikeViewController.swift */,
				54E444AA1DA95AAD00AF3F81 /* MypageViewController.swift */,
			);
			name = ViewController;
			sourceTree = "<group>";
		};
		54AB628B1DA90AA6002F945C /* ArticleViewModel */ = {
			isa = PBXGroup;
			children = (
				5472B94F1DA9224F00F2E606 /* ArticleViewModel.swift */,
			);
			name = ArticleViewModel;
			sourceTree = "<group>";
		};
		54AB628C1DA90AD4002F945C /* TableViewCell */ = {
			isa = PBXGroup;
			children = (
				54AB62971DA90C58002F945C /* ArticleTableViewCell.swift */,
				54AB62991DA90C6C002F945C /* ArticleTableViewCell.xib */,
			);
			name = TableViewCell;
			sourceTree = "<group>";
		};
		54AB628D1DA90ADF002F945C /* Model */ = {
			isa = PBXGroup;
			children = (
				5472B94B1DA9220600F2E606 /* Article.swift */,
				5472B94D1DA9221700F2E606 /* User.swift */,
				54E4B9901DAB6FD0007220BC /* Likes.swift */,
			);
			name = Model;
			sourceTree = "<group>";
		};
		54AB628E1DA90AE7002F945C /* Storyboards */ = {
			isa = PBXGroup;
			children = (
				54AB62911DA90B31002F945C /* ArticleDetail.storyboard */,
				5472B95F1DA947A900F2E606 /* Article.storyboard */,
				5472B96A1DA94EC500F2E606 /* Search.storyboard */,
				54E444A01DA9588100AF3F81 /* Like.storyboard */,
				54E444A61DA95A6200AF3F81 /* Mypage.storyboard */,
			);
			name = Storyboards;
			sourceTree = "<group>";
		};
/* End PBXGroup section */

/* Begin PBXNativeTarget section */
		54AB62451DA90457002F945C /* pipinosuke */ = {
			isa = PBXNativeTarget;
			buildConfigurationList = 54AB626E1DA90457002F945C /* Build configuration list for PBXNativeTarget "pipinosuke" */;
			buildPhases = (
				54AB62421DA90457002F945C /* Sources */,
				54AB62431DA90457002F945C /* Frameworks */,
				54AB62441DA90457002F945C /* Resources */,
				5472B9411DA91F9500F2E606 /* ShellScript */,
			);
			buildRules = (
			);
			dependencies = (
			);
			name = pipinosuke;
			productName = pipinosuke;
			productReference = 54AB62461DA90457002F945C /* pipinosuke.app */;
			productType = "com.apple.product-type.application";
		};
		54AB62591DA90457002F945C /* pipinosukeTests */ = {
			isa = PBXNativeTarget;
			buildConfigurationList = 54AB62711DA90457002F945C /* Build configuration list for PBXNativeTarget "pipinosukeTests" */;
			buildPhases = (
				54AB62561DA90457002F945C /* Sources */,
				54AB62571DA90457002F945C /* Frameworks */,
				54AB62581DA90457002F945C /* Resources */,
			);
			buildRules = (
			);
			dependencies = (
				54AB625C1DA90457002F945C /* PBXTargetDependency */,
			);
			name = pipinosukeTests;
			productName = pipinosukeTests;
			productReference = 54AB625A1DA90457002F945C /* pipinosukeTests.xctest */;
			productType = "com.apple.product-type.bundle.unit-test";
		};
		54AB62641DA90457002F945C /* pipinosukeUITests */ = {
			isa = PBXNativeTarget;
			buildConfigurationList = 54AB62741DA90457002F945C /* Build configuration list for PBXNativeTarget "pipinosukeUITests" */;
			buildPhases = (
				54AB62611DA90457002F945C /* Sources */,
				54AB62621DA90457002F945C /* Frameworks */,
				54AB62631DA90457002F945C /* Resources */,
			);
			buildRules = (
			);
			dependencies = (
				54AB62671DA90457002F945C /* PBXTargetDependency */,
			);
			name = pipinosukeUITests;
			productName = pipinosukeUITests;
			productReference = 54AB62651DA90457002F945C /* pipinosukeUITests.xctest */;
			productType = "com.apple.product-type.bundle.ui-testing";
		};
/* End PBXNativeTarget section */

/* Begin PBXProject section */
		54AB623E1DA90457002F945C /* Project object */ = {
			isa = PBXProject;
			attributes = {
				LastSwiftUpdateCheck = 0730;
				LastUpgradeCheck = 0730;
				ORGANIZATIONNAME = pipinosuke;
				TargetAttributes = {
					54AB62451DA90457002F945C = {
						CreatedOnToolsVersion = 7.3.1;
					};
					54AB62591DA90457002F945C = {
						CreatedOnToolsVersion = 7.3.1;
						TestTargetID = 54AB62451DA90457002F945C;
					};
					54AB62641DA90457002F945C = {
						CreatedOnToolsVersion = 7.3.1;
						TestTargetID = 54AB62451DA90457002F945C;
					};
				};
			};
			buildConfigurationList = 54AB62411DA90457002F945C /* Build configuration list for PBXProject "pipinosuke" */;
			compatibilityVersion = "Xcode 3.2";
			developmentRegion = English;
			hasScannedForEncodings = 0;
			knownRegions = (
				en,
				Base,
			);
			mainGroup = 54AB623D1DA90457002F945C;
			productRefGroup = 54AB62471DA90457002F945C /* Products */;
			projectDirPath = "";
			projectRoot = "";
			targets = (
				54AB62451DA90457002F945C /* pipinosuke */,
				54AB62591DA90457002F945C /* pipinosukeTests */,
				54AB62641DA90457002F945C /* pipinosukeUITests */,
			);
		};
/* End PBXProject section */

/* Begin PBXResourcesBuildPhase section */
		54AB62441DA90457002F945C /* Resources */ = {
			isa = PBXResourcesBuildPhase;
			buildActionMask = 2147483647;
			files = (
				54AB629A1DA90C6C002F945C /* ArticleTableViewCell.xib in Resources */,
				5472B9601DA947A900F2E606 /* Article.storyboard in Resources */,
				54AB62541DA90457002F945C /* LaunchScreen.storyboard in Resources */,
				54E444A11DA9588100AF3F81 /* Like.storyboard in Resources */,
				54E444A71DA95A6200AF3F81 /* Mypage.storyboard in Resources */,
				54AB62511DA90457002F945C /* Assets.xcassets in Resources */,
				54AB62921DA90B31002F945C /* ArticleDetail.storyboard in Resources */,
				54AB624F1DA90457002F945C /* Main.storyboard in Resources */,
				5472B96B1DA94EC500F2E606 /* Search.storyboard in Resources */,
			);
			runOnlyForDeploymentPostprocessing = 0;
		};
		54AB62581DA90457002F945C /* Resources */ = {
			isa = PBXResourcesBuildPhase;
			buildActionMask = 2147483647;
			files = (
			);
			runOnlyForDeploymentPostprocessing = 0;
		};
		54AB62631DA90457002F945C /* Resources */ = {
			isa = PBXResourcesBuildPhase;
			buildActionMask = 2147483647;
			files = (
			);
			runOnlyForDeploymentPostprocessing = 0;
		};
/* End PBXResourcesBuildPhase section */

/* Begin PBXShellScriptBuildPhase section */
		5472B9411DA91F9500F2E606 /* ShellScript */ = {
			isa = PBXShellScriptBuildPhase;
			buildActionMask = 2147483647;
			files = (
			);
			inputPaths = (
				"$(SRCROOT)/Carthage/Build/iOS/Alamofire.framework",
				"$(SRCROOT)/Carthage/Build/iOS/BrightFutures.framework",
				"$(SRCROOT)/Carthage/Build/iOS/Realm.framework",
				"$(SRCROOT)/Carthage/Build/iOS/RealmSwift.framework",
				"$(SRCROOT)/Carthage/Build/iOS/Result.framework",
				"$(SRCROOT)/Carthage/Build/iOS/SwiftyJSON.framework",
				"$(SRCROOT)/Carthage/Build/iOS/WebImage.framework",
			);
			outputPaths = (
			);
			runOnlyForDeploymentPostprocessing = 0;
			shellPath = /bin/sh;
			shellScript = "/usr/local/bin/carthage copy-frameworks\n";
		};
/* End PBXShellScriptBuildPhase section */

/* Begin PBXSourcesBuildPhase section */
		54AB62421DA90457002F945C /* Sources */ = {
			isa = PBXSourcesBuildPhase;
			buildActionMask = 2147483647;
			files = (
				54AB62981DA90C58002F945C /* ArticleTableViewCell.swift in Sources */,
				54AB624C1DA90457002F945C /* ViewController.swift in Sources */,
				5472B9691DA9492C00F2E606 /* MainTabBarController.swift in Sources */,
				5472B9441DA9215F00F2E606 /* APIUrl.swift in Sources */,
				54AB62941DA90C1E002F945C /* ArticleViewController.swift in Sources */,
				5472B94C1DA9220600F2E606 /* Article.swift in Sources */,
				5472B94A1DA921DF00F2E606 /* DateUtils.swift in Sources */,
				54AB62961DA90C2B002F945C /* ArticleDetailViewController.swift in Sources */,
				5472B9531DA93AA000F2E606 /* StoryboardLoadable.swift in Sources */,
				54E444AB1DA95AAD00AF3F81 /* MypageViewController.swift in Sources */,
				54AB624A1DA90457002F945C /* AppDelegate.swift in Sources */,
				5472B96D1DA94F7B00F2E606 /* SearchViewController.swift in Sources */,
				54E444A31DA958AA00AF3F81 /* LikeViewController.swift in Sources */,
				54E4B98F1DAB6F9D007220BC /* LikesUtils.swift in Sources */,
				5472B9461DA9219300F2E606 /* APIManager.swift in Sources */,
				54E4B98D1DAB6C2A007220BC /* Extentions.swift in Sources */,
				5472B9501DA9224F00F2E606 /* ArticleViewModel.swift in Sources */,
				5472B9481DA921C900F2E606 /* Utils.swift in Sources */,
				54E444A91DA95A9500AF3F81 /* MypageContainerViewController.swift in Sources */,
				5472B9711DA9500300F2E606 /* SearchContainerViewController.swift in Sources */,
				5472B9651DA9489200F2E606 /* ArticleContainerViewController.swift in Sources */,
				5472B94E1DA9221700F2E606 /* User.swift in Sources */,
				54E4B9911DAB6FD0007220BC /* Likes.swift in Sources */,
				54E444A51DA958CD00AF3F81 /* LikeContainerViewController.swift in Sources */,
			);
			runOnlyForDeploymentPostprocessing = 0;
		};
		54AB62561DA90457002F945C /* Sources */ = {
			isa = PBXSourcesBuildPhase;
			buildActionMask = 2147483647;
			files = (
				54AB625F1DA90457002F945C /* pipinosukeTests.swift in Sources */,
			);
			runOnlyForDeploymentPostprocessing = 0;
		};
		54AB62611DA90457002F945C /* Sources */ = {
			isa = PBXSourcesBuildPhase;
			buildActionMask = 2147483647;
			files = (
				54AB626A1DA90457002F945C /* pipinosukeUITests.swift in Sources */,
			);
			runOnlyForDeploymentPostprocessing = 0;
		};
/* End PBXSourcesBuildPhase section */

/* Begin PBXTargetDependency section */
		54AB625C1DA90457002F945C /* PBXTargetDependency */ = {
			isa = PBXTargetDependency;
			target = 54AB62451DA90457002F945C /* pipinosuke */;
			targetProxy = 54AB625B1DA90457002F945C /* PBXContainerItemProxy */;
		};
		54AB62671DA90457002F945C /* PBXTargetDependency */ = {
			isa = PBXTargetDependency;
			target = 54AB62451DA90457002F945C /* pipinosuke */;
			targetProxy = 54AB62661DA90457002F945C /* PBXContainerItemProxy */;
		};
/* End PBXTargetDependency section */

/* Begin PBXVariantGroup section */
		54AB624D1DA90457002F945C /* Main.storyboard */ = {
			isa = PBXVariantGroup;
			children = (
				54AB624E1DA90457002F945C /* Base */,
			);
			name = Main.storyboard;
			sourceTree = "<group>";
		};
		54AB62521DA90457002F945C /* LaunchScreen.storyboard */ = {
			isa = PBXVariantGroup;
			children = (
				54AB62531DA90457002F945C /* Base */,
			);
			name = LaunchScreen.storyboard;
			sourceTree = "<group>";
		};
/* End PBXVariantGroup section */

/* Begin XCBuildConfiguration section */
		54AB626C1DA90457002F945C /* Debug */ = {
			isa = XCBuildConfiguration;
			buildSettings = {
				ALWAYS_SEARCH_USER_PATHS = NO;
				CLANG_ANALYZER_NONNULL = YES;
				CLANG_CXX_LANGUAGE_STANDARD = "gnu++0x";
				CLANG_CXX_LIBRARY = "libc++";
				CLANG_ENABLE_MODULES = YES;
				CLANG_ENABLE_OBJC_ARC = YES;
				CLANG_WARN_BOOL_CONVERSION = YES;
				CLANG_WARN_CONSTANT_CONVERSION = YES;
				CLANG_WARN_DIRECT_OBJC_ISA_USAGE = YES_ERROR;
				CLANG_WARN_EMPTY_BODY = YES;
				CLANG_WARN_ENUM_CONVERSION = YES;
				CLANG_WARN_INT_CONVERSION = YES;
				CLANG_WARN_OBJC_ROOT_CLASS = YES_ERROR;
				CLANG_WARN_UNREACHABLE_CODE = YES;
				CLANG_WARN__DUPLICATE_METHOD_MATCH = YES;
				"CODE_SIGN_IDENTITY[sdk=iphoneos*]" = "iPhone Developer";
				COPY_PHASE_STRIP = NO;
				DEBUG_INFORMATION_FORMAT = dwarf;
				ENABLE_STRICT_OBJC_MSGSEND = YES;
				ENABLE_TESTABILITY = YES;
				GCC_C_LANGUAGE_STANDARD = gnu99;
				GCC_DYNAMIC_NO_PIC = NO;
				GCC_NO_COMMON_BLOCKS = YES;
				GCC_OPTIMIZATION_LEVEL = 0;
				GCC_PREPROCESSOR_DEFINITIONS = (
					"DEBUG=1",
					"$(inherited)",
				);
				GCC_WARN_64_TO_32_BIT_CONVERSION = YES;
				GCC_WARN_ABOUT_RETURN_TYPE = YES_ERROR;
				GCC_WARN_UNDECLARED_SELECTOR = YES;
				GCC_WARN_UNINITIALIZED_AUTOS = YES_AGGRESSIVE;
				GCC_WARN_UNUSED_FUNCTION = YES;
				GCC_WARN_UNUSED_VARIABLE = YES;
				IPHONEOS_DEPLOYMENT_TARGET = 9.3;
				MTL_ENABLE_DEBUG_INFO = YES;
				ONLY_ACTIVE_ARCH = YES;
				SDKROOT = iphoneos;
				SWIFT_OPTIMIZATION_LEVEL = "-Onone";
				TARGETED_DEVICE_FAMILY = "1,2";
			};
			name = Debug;
		};
		54AB626D1DA90457002F945C /* Release */ = {
			isa = XCBuildConfiguration;
			buildSettings = {
				ALWAYS_SEARCH_USER_PATHS = NO;
				CLANG_ANALYZER_NONNULL = YES;
				CLANG_CXX_LANGUAGE_STANDARD = "gnu++0x";
				CLANG_CXX_LIBRARY = "libc++";
				CLANG_ENABLE_MODULES = YES;
				CLANG_ENABLE_OBJC_ARC = YES;
				CLANG_WARN_BOOL_CONVERSION = YES;
				CLANG_WARN_CONSTANT_CONVERSION = YES;
				CLANG_WARN_DIRECT_OBJC_ISA_USAGE = YES_ERROR;
				CLANG_WARN_EMPTY_BODY = YES;
				CLANG_WARN_ENUM_CONVERSION = YES;
				CLANG_WARN_INT_CONVERSION = YES;
				CLANG_WARN_OBJC_ROOT_CLASS = YES_ERROR;
				CLANG_WARN_UNREACHABLE_CODE = YES;
				CLANG_WARN__DUPLICATE_METHOD_MATCH = YES;
				"CODE_SIGN_IDENTITY[sdk=iphoneos*]" = "iPhone Developer";
				COPY_PHASE_STRIP = NO;
				DEBUG_INFORMATION_FORMAT = "dwarf-with-dsym";
				ENABLE_NS_ASSERTIONS = NO;
				ENABLE_STRICT_OBJC_MSGSEND = YES;
				GCC_C_LANGUAGE_STANDARD = gnu99;
				GCC_NO_COMMON_BLOCKS = YES;
				GCC_WARN_64_TO_32_BIT_CONVERSION = YES;
				GCC_WARN_ABOUT_RETURN_TYPE = YES_ERROR;
				GCC_WARN_UNDECLARED_SELECTOR = YES;
				GCC_WARN_UNINITIALIZED_AUTOS = YES_AGGRESSIVE;
				GCC_WARN_UNUSED_FUNCTION = YES;
				GCC_WARN_UNUSED_VARIABLE = YES;
				IPHONEOS_DEPLOYMENT_TARGET = 9.3;
				MTL_ENABLE_DEBUG_INFO = NO;
				SDKROOT = iphoneos;
				TARGETED_DEVICE_FAMILY = "1,2";
				VALIDATE_PRODUCT = YES;
			};
			name = Release;
		};
		54AB626F1DA90457002F945C /* Debug */ = {
			isa = XCBuildConfiguration;
			buildSettings = {
				ASSETCATALOG_COMPILER_APPICON_NAME = AppIcon;
				FRAMEWORK_SEARCH_PATHS = (
					"$(inherited)",
					"$(PROJECT_DIR)/Carthage/Build/iOS",
				);
				INFOPLIST_FILE = pipinosuke/Info.plist;
				LD_RUNPATH_SEARCH_PATHS = "$(inherited) @executable_path/Frameworks";
				PRODUCT_BUNDLE_IDENTIFIER = pipinosuke18.pipinosuke;
				PRODUCT_NAME = "$(TARGET_NAME)";
				TARGETED_DEVICE_FAMILY = "1,2";
			};
			name = Debug;
		};
		54AB62701DA90457002F945C /* Release */ = {
			isa = XCBuildConfiguration;
			buildSettings = {
				ASSETCATALOG_COMPILER_APPICON_NAME = AppIcon;
				FRAMEWORK_SEARCH_PATHS = (
					"$(inherited)",
					"$(PROJECT_DIR)/Carthage/Build/iOS",
				);
				INFOPLIST_FILE = pipinosuke/Info.plist;
				LD_RUNPATH_SEARCH_PATHS = "$(inherited) @executable_path/Frameworks";
				PRODUCT_BUNDLE_IDENTIFIER = pipinosuke18.pipinosuke;
				PRODUCT_NAME = "$(TARGET_NAME)";
				TARGETED_DEVICE_FAMILY = "1,2";
			};
			name = Release;
		};
		54AB62721DA90457002F945C /* Debug */ = {
			isa = XCBuildConfiguration;
			buildSettings = {
				BUNDLE_LOADER = "$(TEST_HOST)";
				INFOPLIST_FILE = pipinosukeTests/Info.plist;
				LD_RUNPATH_SEARCH_PATHS = "$(inherited) @executable_path/Frameworks @loader_path/Frameworks";
				PRODUCT_BUNDLE_IDENTIFIER = pipinosuke18.pipinosukeTests;
				PRODUCT_NAME = "$(TARGET_NAME)";
				TEST_HOST = "$(BUILT_PRODUCTS_DIR)/pipinosuke.app/pipinosuke";
			};
			name = Debug;
		};
		54AB62731DA90457002F945C /* Release */ = {
			isa = XCBuildConfiguration;
			buildSettings = {
				BUNDLE_LOADER = "$(TEST_HOST)";
				INFOPLIST_FILE = pipinosukeTests/Info.plist;
				LD_RUNPATH_SEARCH_PATHS = "$(inherited) @executable_path/Frameworks @loader_path/Frameworks";
				PRODUCT_BUNDLE_IDENTIFIER = pipinosuke18.pipinosukeTests;
				PRODUCT_NAME = "$(TARGET_NAME)";
				TEST_HOST = "$(BUILT_PRODUCTS_DIR)/pipinosuke.app/pipinosuke";
			};
			name = Release;
		};
		54AB62751DA90457002F945C /* Debug */ = {
			isa = XCBuildConfiguration;
			buildSettings = {
				INFOPLIST_FILE = pipinosukeUITests/Info.plist;
				LD_RUNPATH_SEARCH_PATHS = "$(inherited) @executable_path/Frameworks @loader_path/Frameworks";
				PRODUCT_BUNDLE_IDENTIFIER = pipinosuke18.pipinosukeUITests;
				PRODUCT_NAME = "$(TARGET_NAME)";
				TEST_TARGET_NAME = pipinosuke;
			};
			name = Debug;
		};
		54AB62761DA90457002F945C /* Release */ = {
			isa = XCBuildConfiguration;
			buildSettings = {
				INFOPLIST_FILE = pipinosukeUITests/Info.plist;
				LD_RUNPATH_SEARCH_PATHS = "$(inherited) @executable_path/Frameworks @loader_path/Frameworks";
				PRODUCT_BUNDLE_IDENTIFIER = pipinosuke18.pipinosukeUITests;
				PRODUCT_NAME = "$(TARGET_NAME)";
				TEST_TARGET_NAME = pipinosuke;
			};
			name = Release;
		};
/* End XCBuildConfiguration section */

/* Begin XCConfigurationList section */
		54AB62411DA90457002F945C /* Build configuration list for PBXProject "pipinosuke" */ = {
			isa = XCConfigurationList;
			buildConfigurations = (
				54AB626C1DA90457002F945C /* Debug */,
				54AB626D1DA90457002F945C /* Release */,
			);
			defaultConfigurationIsVisible = 0;
			defaultConfigurationName = Release;
		};
		54AB626E1DA90457002F945C /* Build configuration list for PBXNativeTarget "pipinosuke" */ = {
			isa = XCConfigurationList;
			buildConfigurations = (
				54AB626F1DA90457002F945C /* Debug */,
				54AB62701DA90457002F945C /* Release */,
			);
			defaultConfigurationIsVisible = 0;
			defaultConfigurationName = Release;
		};
		54AB62711DA90457002F945C /* Build configuration list for PBXNativeTarget "pipinosukeTests" */ = {
			isa = XCConfigurationList;
			buildConfigurations = (
				54AB62721DA90457002F945C /* Debug */,
				54AB62731DA90457002F945C /* Release */,
			);
			defaultConfigurationIsVisible = 0;
			defaultConfigurationName = Release;
		};
		54AB62741DA90457002F945C /* Build configuration list for PBXNativeTarget "pipinosukeUITests" */ = {
			isa = XCConfigurationList;
			buildConfigurations = (
				54AB62751DA90457002F945C /* Debug */,
				54AB62761DA90457002F945C /* Release */,
			);
			defaultConfigurationIsVisible = 0;
			defaultConfigurationName = Release;
		};
/* End XCConfigurationList section */
	};
	rootObject = 54AB623E1DA90457002F945C /* Project object */;
}
